PODS:
  - HelloWorld_ayang229 (0.1.3)

DEPENDENCIES:
  - HelloWorld_ayang229 (from `../`)

EXTERNAL SOURCES:
  HelloWorld_ayang229:
    :path: "../"

SPEC CHECKSUMS:
  HelloWorld_ayang229: 4f9adbdf057c42219a5ded6fcfea951617ef1d11

PODFILE CHECKSUM: 5fbf190fe186f80c86d08fc064227974dac63229

COCOAPODS: 1.2.0
